# This file is automatically @generated by Cargo.
# It is not intended for manual editing.
[[package]]
name = "haskell_ghci_parser"
version = "0.1.0"

[[package]]
name = "verificador"
version = "0.1.0"
dependencies = [
 "haskell_ghci_parser",
 "verificadorlib",
]

[[package]]
name = "verificadorlib"
version = "0.1.0"
